
Microsoft Visual Studio Solution File, Format Version 12.00
# Visual Studio Version 17
VisualStudioVersion = 17.1.32319.34
MinimumVisualStudioVersion = 10.0.40219.1
Project("{FAE04EC0-301F-11D3-BF4B-00C04F79EFBC}") = "Nasljedivanje04", "Nasljedivanje04.csproj", "{76B66220-2B33-4013-A9D5-2EDE383A8536}"
EndProject
Global
	GlobalSection(SolutionConfigurationPlatforms) = preSolution
		Debug|Any CPU = Debug|Any CPU
		Release|Any CPU = Release|Any CPU
	EndGlobalSection
	GlobalSection(ProjectConfigurationPlatforms) = postSolution
		{76B66220-2B33-4013-A9D5-2EDE383A8536}.Debug|Any CPU.ActiveCfg = Debug|Any CPU
		{76B66220-2B33-4013-A9D5-2EDE383A8536}.Debug|Any CPU.Build.0 = Debug|Any CPU
		{76B66220-2B33-4013-A9D5-2EDE383A8536}.Release|Any CPU.ActiveCfg = Release|Any CPU
		{76B66220-2B33-4013-A9D5-2EDE383A8536}.Release|Any CPU.Build.0 = Release|Any CPU
	EndGlobalSection
	GlobalSection(SolutionProperties) = preSolution
		HideSolutionNode = FALSE
	EndGlobalSection
	GlobalSection(ExtensibilityGlobals) = postSolution
		SolutionGuid = {3297A51A-C04B-4F48-A369-C9ED238EF03F}
	EndGlobalSection
EndGlobal
